# THIS IS AN AUTOGENERATED FILE. DO NOT EDIT THIS FILE DIRECTLY.
# yarn lockfile v1


"@es4x/create@0.16.1":
  version "0.16.1"
  resolved "https://registry.yarnpkg.com/@es4x/create/-/create-0.16.1.tgz#215150ef2736b5d68524f0ff5ea6a9aeebbe16a4"
  integrity sha512-mRo9B2gFddCDmXhrtVt3khCATlUx+zFPjNBVxwkkW5AekkD29Q5oAk4cDXSZJAR/KcuAGs3rbLY3BdxuHHvLNA==

"@vertx/core@4.2.1", "@vertx/core@^4.2.1":
  version "4.2.1"
  resolved "https://registry.yarnpkg.com/@vertx/core/-/core-4.2.1.tgz#a2127a38d4bc9f227905f34d5d0aba2451ae6f87"
  integrity sha512-rqr+h5nH59tfNpCZq1Q7uXWNIcH9yTHqyuHms/dWLdbOw1qCy8LwYnHGZRMUxz1IO07SeXKZQvNYMcsTn7vnUA==

"@vertx/unit@^4.2.1":
  version "4.2.1"
  resolved "https://registry.yarnpkg.com/@vertx/unit/-/unit-4.2.1.tgz#360d4f250a467c726d67867063765fc44376b102"
  integrity sha512-5z+F/IgYVHz93Ud/Qe/MQ3ztyK/XWZwaafo5YaN8i86BaJkOqaTjcEJIqBeYKPCcCVrvq7NfwZ3wgYN9LPkfEA==
  dependencies:
    "@vertx/core" "4.2.1"
